
Microsoft Visual Studio Solution File, Format Version 12.00
# Visual Studio Version 17
VisualStudioVersion = 17.0.31903.59
MinimumVisualStudioVersion = 10.0.40219.1
Project("{FAE04EC0-301F-11D3-BF4B-00C04F79EFBC}") = "CarsDB", "CarsDB\CarsDB.csproj", "{4766B5C8-2035-4BCC-89DC-BC0762E0A83B}"
EndProject
Global
	GlobalSection(SolutionConfigurationPlatforms) = preSolution
		Debug|Any CPU = Debug|Any CPU
		Release|Any CPU = Release|Any CPU
	EndGlobalSection
	GlobalSection(ProjectConfigurationPlatforms) = postSolution
		{4766B5C8-2035-4BCC-89DC-BC0762E0A83B}.Debug|Any CPU.ActiveCfg = Debug|Any CPU
		{4766B5C8-2035-4BCC-89DC-BC0762E0A83B}.Debug|Any CPU.Build.0 = Debug|Any CPU
		{4766B5C8-2035-4BCC-89DC-BC0762E0A83B}.Release|Any CPU.ActiveCfg = Release|Any CPU
		{4766B5C8-2035-4BCC-89DC-BC0762E0A83B}.Release|Any CPU.Build.0 = Release|Any CPU
	EndGlobalSection
	GlobalSection(SolutionProperties) = preSolution
		HideSolutionNode = FALSE
	EndGlobalSection
	GlobalSection(ExtensibilityGlobals) = postSolution
		SolutionGuid = {F1D5B08D-E814-429D-ADD5-9DD5F5974D4F}
	EndGlobalSection
EndGlobal
